
Microsoft Visual Studio Solution File, Format Version 12.00
# Visual Studio 15
VisualStudioVersion = 15.0.27428.2037
MinimumVisualStudioVersion = 10.0.40219.1
Project("{FAE04EC0-301F-11D3-BF4B-00C04F79EFBC}") = "WpfApp2", "WpfApp2\WpfApp2.csproj", "{D0407A0B-A9A7-46D8-8AE0-1097A2439AAA}"
EndProject
Global
	GlobalSection(SolutionConfigurationPlatforms) = preSolution
		Debug|Any CPU = Debug|Any CPU
		Release|Any CPU = Release|Any CPU
	EndGlobalSection
	GlobalSection(ProjectConfigurationPlatforms) = postSolution
		{D0407A0B-A9A7-46D8-8AE0-1097A2439AAA}.Debug|Any CPU.ActiveCfg = Debug|Any CPU
		{D0407A0B-A9A7-46D8-8AE0-1097A2439AAA}.Debug|Any CPU.Build.0 = Debug|Any CPU
		{D0407A0B-A9A7-46D8-8AE0-1097A2439AAA}.Release|Any CPU.ActiveCfg = Release|Any CPU
		{D0407A0B-A9A7-46D8-8AE0-1097A2439AAA}.Release|Any CPU.Build.0 = Release|Any CPU
	EndGlobalSection
	GlobalSection(SolutionProperties) = preSolution
		HideSolutionNode = FALSE
	EndGlobalSection
	GlobalSection(ExtensibilityGlobals) = postSolution
		SolutionGuid = {CEB02382-014D-4602-8DF4-89BA9857E5E4}
	EndGlobalSection
EndGlobal
